
Microsoft Visual Studio Solution File, Format Version 12.00
# Visual Studio Version 16
VisualStudioVersion = 16.0.28922.388
MinimumVisualStudioVersion = 10.0.40219.1
Project("{2150E333-8FDC-42A3-9474-1A3956D46DE8}") = "Solution Items", "Solution Items", "{FC6CD172-26FF-4B3E-93F2-5B7538B6F81E}"
	ProjectSection(SolutionItems) = preProject
		.editorconfig = .editorconfig
		Directory.Build.props = Directory.Build.props
		GlobalSuppressions.cs = GlobalSuppressions.cs
		stylecop.json = stylecop.json
		TestsSuppressions.cs = TestsSuppressions.cs
	EndProjectSection
EndProject
Project("{9A19103F-16F7-4668-BE54-9A1E7A4F7556}") = "Pantry.Abstractions", "Pantry.Abstractions\Pantry.Abstractions.csproj", "{C7BDDC32-C6BA-4E0F-831E-D5C22A3F7D10}"
EndProject
Project("{9A19103F-16F7-4668-BE54-9A1E7A4F7556}") = "Pantry.Azure.TableStorage", "Pantry.Azure.TableStorage\Pantry.Azure.TableStorage.csproj", "{B46026E9-2F69-4DCB-B782-E8321EC555EA}"
EndProject
Project("{9A19103F-16F7-4668-BE54-9A1E7A4F7556}") = "Pantry.Azure.TableStorage.Tests", "Pantry.Azure.TableStorage.Tests\Pantry.Azure.TableStorage.Tests.csproj", "{21116019-BBB1-4A51-B985-22B921B6DA23}"
EndProject
Project("{9A19103F-16F7-4668-BE54-9A1E7A4F7556}") = "Pantry", "Pantry\Pantry.csproj", "{37AA25A5-D0C7-4CCD-A439-2F5FF96A4CED}"
EndProject
Project("{9A19103F-16F7-4668-BE54-9A1E7A4F7556}") = "Pantry.InMemory", "Pantry.InMemory\Pantry.InMemory.csproj", "{FCEDCC43-AFE0-415F-B330-7036132581D7}"
EndProject
Project("{9A19103F-16F7-4668-BE54-9A1E7A4F7556}") = "Pantry.InMemory.Tests", "Pantry.InMemory.Tests\Pantry.InMemory.Tests.csproj", "{FFEDA73E-C8E3-458E-AF89-892654E15A84}"
EndProject
Project("{9A19103F-16F7-4668-BE54-9A1E7A4F7556}") = "Pantry.Tests", "Pantry.Tests\Pantry.Tests.csproj", "{9FC6CE8C-2AED-4753-8865-545C6F118F1F}"
EndProject
Project("{9A19103F-16F7-4668-BE54-9A1E7A4F7556}") = "Pantry.AspNetCore", "Pantry.AspNetCore\Pantry.AspNetCore.csproj", "{00EED0E0-D27F-47B6-AE13-25ED910FD8AD}"
EndProject
Project("{9A19103F-16F7-4668-BE54-9A1E7A4F7556}") = "Pantry.AspNetCore.Tests", "Pantry.AspNetCore.Tests\Pantry.AspNetCore.Tests.csproj", "{7118DBF6-1C00-4579-83C2-45820E19EB0D}"
EndProject
Project("{9A19103F-16F7-4668-BE54-9A1E7A4F7556}") = "Pantry.DomainEvents", "Pantry.DomainEvents\Pantry.DomainEvents.csproj", "{D255FBB9-D9D7-4F5E-A6DE-A5F17C2C134E}"
EndProject
Project("{9A19103F-16F7-4668-BE54-9A1E7A4F7556}") = "Pantry.DomainEvents.Tests", "Pantry.DomainEvents.Tests\Pantry.DomainEvents.Tests.csproj", "{1B6CC160-448C-4B8C-8C3A-CFC879A93E02}"
EndProject
Project("{9A19103F-16F7-4668-BE54-9A1E7A4F7556}") = "Pantry.Azure.Cosmos", "Pantry.Azure.Cosmos\Pantry.Azure.Cosmos.csproj", "{DD0CD00C-FEAB-42B0-B9CF-2451065E58E4}"
EndProject
Project("{9A19103F-16F7-4668-BE54-9A1E7A4F7556}") = "Pantry.Azure.Cosmos.Tests", "Pantry.Azure.Cosmos.Tests\Pantry.Azure.Cosmos.Tests.csproj", "{3F215C1A-0A22-4C16-9540-61842854640F}"
EndProject
Project("{2150E333-8FDC-42A3-9474-1A3956D46DE8}") = "Core", "Core", "{F6123639-2613-4C73-8038-5B5131C7C322}"
EndProject
Project("{2150E333-8FDC-42A3-9474-1A3956D46DE8}") = "Providers", "Providers", "{1801AC47-D834-4D59-B551-ECB1F342DF7B}"
EndProject
Project("{2150E333-8FDC-42A3-9474-1A3956D46DE8}") = "Addins", "Addins", "{867296BC-8109-4293-87FD-801B332762D2}"
EndProject
Project("{9A19103F-16F7-4668-BE54-9A1E7A4F7556}") = "Pantry.Redis", "Pantry.Redis\Pantry.Redis.csproj", "{83C50DD0-81EA-4B01-B7D0-2841A8BAF29C}"
EndProject
Project("{9A19103F-16F7-4668-BE54-9A1E7A4F7556}") = "Pantry.Redis.Tests", "Pantry.Redis.Tests\Pantry.Redis.Tests.csproj", "{E70C74A6-9D30-46E1-B67E-1133BCB2BE23}"
EndProject
Project("{9A19103F-16F7-4668-BE54-9A1E7A4F7556}") = "Pantry.FluentValidation", "Pantry.FluentValidation\Pantry.FluentValidation.csproj", "{C368C243-4B26-4BF4-8D59-ACAB0684EE3B}"
EndProject
Project("{9A19103F-16F7-4668-BE54-9A1E7A4F7556}") = "Pantry.FluentValidation.Tests", "Pantry.FluentValidation.Tests\Pantry.FluentValidation.Tests.csproj", "{650A5641-42C6-43A9-AD1D-8086B6455D2A}"
EndProject
Project("{9A19103F-16F7-4668-BE54-9A1E7A4F7556}") = "Pantry.PetaPoco", "Pantry.PetaPoco\Pantry.PetaPoco.csproj", "{1B15412D-2EB9-49C8-9FC0-DEB625140E4E}"
EndProject
Project("{9A19103F-16F7-4668-BE54-9A1E7A4F7556}") = "Pantry.PetaPoco.Tests", "Pantry.PetaPoco.Tests\Pantry.PetaPoco.Tests.csproj", "{0AAB4BD6-3C94-481B-85B9-5B7A1E4BA8D9}"
EndProject
Project("{9A19103F-16F7-4668-BE54-9A1E7A4F7556}") = "Pantry.Mediator", "Pantry.Mediator\Pantry.Mediator.csproj", "{B2654B07-36EF-48C5-9E82-94B226CB1D9D}"
EndProject
Project("{9A19103F-16F7-4668-BE54-9A1E7A4F7556}") = "Pantry.Mediator.Tests", "Pantry.Mediator.Tests\Pantry.Mediator.Tests.csproj", "{3F0CA160-05C1-4307-BBE6-4AEDB20E9611}"
EndProject
Project("{FAE04EC0-301F-11D3-BF4B-00C04F79EFBC}") = "Pantry.Mediator.FluentValidation", "Pantry.Mediator.FluentValidation\Pantry.Mediator.FluentValidation.csproj", "{1EB4E1D2-DE87-46B7-859B-D1F730B3EE89}"
EndProject
Project("{FAE04EC0-301F-11D3-BF4B-00C04F79EFBC}") = "Pantry.Mediator.FluentValidation.Tests", "Pantry.Mediator.FluentValidation.Tests\Pantry.Mediator.FluentValidation.Tests.csproj", "{A3EA3D41-D815-4786-BB9A-2B7ED1643E82}"
EndProject
Global
	GlobalSection(SolutionConfigurationPlatforms) = preSolution
		Debug|Any CPU = Debug|Any CPU
		Release|Any CPU = Release|Any CPU
	EndGlobalSection
	GlobalSection(ProjectConfigurationPlatforms) = postSolution
		{C7BDDC32-C6BA-4E0F-831E-D5C22A3F7D10}.Debug|Any CPU.ActiveCfg = Debug|Any CPU
		{C7BDDC32-C6BA-4E0F-831E-D5C22A3F7D10}.Debug|Any CPU.Build.0 = Debug|Any CPU
		{C7BDDC32-C6BA-4E0F-831E-D5C22A3F7D10}.Release|Any CPU.ActiveCfg = Release|Any CPU
		{C7BDDC32-C6BA-4E0F-831E-D5C22A3F7D10}.Release|Any CPU.Build.0 = Release|Any CPU
		{B46026E9-2F69-4DCB-B782-E8321EC555EA}.Debug|Any CPU.ActiveCfg = Debug|Any CPU
		{B46026E9-2F69-4DCB-B782-E8321EC555EA}.Debug|Any CPU.Build.0 = Debug|Any CPU
		{B46026E9-2F69-4DCB-B782-E8321EC555EA}.Release|Any CPU.ActiveCfg = Release|Any CPU
		{B46026E9-2F69-4DCB-B782-E8321EC555EA}.Release|Any CPU.Build.0 = Release|Any CPU
		{21116019-BBB1-4A51-B985-22B921B6DA23}.Debug|Any CPU.ActiveCfg = Debug|Any CPU
		{21116019-BBB1-4A51-B985-22B921B6DA23}.Debug|Any CPU.Build.0 = Debug|Any CPU
		{21116019-BBB1-4A51-B985-22B921B6DA23}.Release|Any CPU.ActiveCfg = Release|Any CPU
		{21116019-BBB1-4A51-B985-22B921B6DA23}.Release|Any CPU.Build.0 = Release|Any CPU
		{37AA25A5-D0C7-4CCD-A439-2F5FF96A4CED}.Debug|Any CPU.ActiveCfg = Debug|Any CPU
		{37AA25A5-D0C7-4CCD-A439-2F5FF96A4CED}.Debug|Any CPU.Build.0 = Debug|Any CPU
		{37AA25A5-D0C7-4CCD-A439-2F5FF96A4CED}.Release|Any CPU.ActiveCfg = Release|Any CPU
		{37AA25A5-D0C7-4CCD-A439-2F5FF96A4CED}.Release|Any CPU.Build.0 = Release|Any CPU
		{FCEDCC43-AFE0-415F-B330-7036132581D7}.Debug|Any CPU.ActiveCfg = Debug|Any CPU
		{FCEDCC43-AFE0-415F-B330-7036132581D7}.Debug|Any CPU.Build.0 = Debug|Any CPU
		{FCEDCC43-AFE0-415F-B330-7036132581D7}.Release|Any CPU.ActiveCfg = Release|Any CPU
		{FCEDCC43-AFE0-415F-B330-7036132581D7}.Release|Any CPU.Build.0 = Release|Any CPU
		{FFEDA73E-C8E3-458E-AF89-892654E15A84}.Debug|Any CPU.ActiveCfg = Debug|Any CPU
		{FFEDA73E-C8E3-458E-AF89-892654E15A84}.Debug|Any CPU.Build.0 = Debug|Any CPU
		{FFEDA73E-C8E3-458E-AF89-892654E15A84}.Release|Any CPU.ActiveCfg = Release|Any CPU
		{FFEDA73E-C8E3-458E-AF89-892654E15A84}.Release|Any CPU.Build.0 = Release|Any CPU
		{9FC6CE8C-2AED-4753-8865-545C6F118F1F}.Debug|Any CPU.ActiveCfg = Debug|Any CPU
		{9FC6CE8C-2AED-4753-8865-545C6F118F1F}.Debug|Any CPU.Build.0 = Debug|Any CPU
		{9FC6CE8C-2AED-4753-8865-545C6F118F1F}.Release|Any CPU.ActiveCfg = Release|Any CPU
		{9FC6CE8C-2AED-4753-8865-545C6F118F1F}.Release|Any CPU.Build.0 = Release|Any CPU
		{00EED0E0-D27F-47B6-AE13-25ED910FD8AD}.Debug|Any CPU.ActiveCfg = Debug|Any CPU
		{00EED0E0-D27F-47B6-AE13-25ED910FD8AD}.Debug|Any CPU.Build.0 = Debug|Any CPU
		{00EED0E0-D27F-47B6-AE13-25ED910FD8AD}.Release|Any CPU.ActiveCfg = Release|Any CPU
		{00EED0E0-D27F-47B6-AE13-25ED910FD8AD}.Release|Any CPU.Build.0 = Release|Any CPU
		{7118DBF6-1C00-4579-83C2-45820E19EB0D}.Debug|Any CPU.ActiveCfg = Debug|Any CPU
		{7118DBF6-1C00-4579-83C2-45820E19EB0D}.Debug|Any CPU.Build.0 = Debug|Any CPU
		{7118DBF6-1C00-4579-83C2-45820E19EB0D}.Release|Any CPU.ActiveCfg = Release|Any CPU
		{7118DBF6-1C00-4579-83C2-45820E19EB0D}.Release|Any CPU.Build.0 = Release|Any CPU
		{D255FBB9-D9D7-4F5E-A6DE-A5F17C2C134E}.Debug|Any CPU.ActiveCfg = Debug|Any CPU
		{D255FBB9-D9D7-4F5E-A6DE-A5F17C2C134E}.Debug|Any CPU.Build.0 = Debug|Any CPU
		{D255FBB9-D9D7-4F5E-A6DE-A5F17C2C134E}.Release|Any CPU.ActiveCfg = Release|Any CPU
		{D255FBB9-D9D7-4F5E-A6DE-A5F17C2C134E}.Release|Any CPU.Build.0 = Release|Any CPU
		{1B6CC160-448C-4B8C-8C3A-CFC879A93E02}.Debug|Any CPU.ActiveCfg = Debug|Any CPU
		{1B6CC160-448C-4B8C-8C3A-CFC879A93E02}.Debug|Any CPU.Build.0 = Debug|Any CPU
		{1B6CC160-448C-4B8C-8C3A-CFC879A93E02}.Release|Any CPU.ActiveCfg = Release|Any CPU
		{1B6CC160-448C-4B8C-8C3A-CFC879A93E02}.Release|Any CPU.Build.0 = Release|Any CPU
		{DD0CD00C-FEAB-42B0-B9CF-2451065E58E4}.Debug|Any CPU.ActiveCfg = Debug|Any CPU
		{DD0CD00C-FEAB-42B0-B9CF-2451065E58E4}.Debug|Any CPU.Build.0 = Debug|Any CPU
		{DD0CD00C-FEAB-42B0-B9CF-2451065E58E4}.Release|Any CPU.ActiveCfg = Release|Any CPU
		{DD0CD00C-FEAB-42B0-B9CF-2451065E58E4}.Release|Any CPU.Build.0 = Release|Any CPU
		{3F215C1A-0A22-4C16-9540-61842854640F}.Debug|Any CPU.ActiveCfg = Debug|Any CPU
		{3F215C1A-0A22-4C16-9540-61842854640F}.Debug|Any CPU.Build.0 = Debug|Any CPU
		{3F215C1A-0A22-4C16-9540-61842854640F}.Release|Any CPU.ActiveCfg = Release|Any CPU
		{3F215C1A-0A22-4C16-9540-61842854640F}.Release|Any CPU.Build.0 = Release|Any CPU
		{83C50DD0-81EA-4B01-B7D0-2841A8BAF29C}.Debug|Any CPU.ActiveCfg = Debug|Any CPU
		{83C50DD0-81EA-4B01-B7D0-2841A8BAF29C}.Debug|Any CPU.Build.0 = Debug|Any CPU
		{83C50DD0-81EA-4B01-B7D0-2841A8BAF29C}.Release|Any CPU.ActiveCfg = Release|Any CPU
		{83C50DD0-81EA-4B01-B7D0-2841A8BAF29C}.Release|Any CPU.Build.0 = Release|Any CPU
		{E70C74A6-9D30-46E1-B67E-1133BCB2BE23}.Debug|Any CPU.ActiveCfg = Debug|Any CPU
		{E70C74A6-9D30-46E1-B67E-1133BCB2BE23}.Debug|Any CPU.Build.0 = Debug|Any CPU
		{E70C74A6-9D30-46E1-B67E-1133BCB2BE23}.Release|Any CPU.ActiveCfg = Release|Any CPU
		{E70C74A6-9D30-46E1-B67E-1133BCB2BE23}.Release|Any CPU.Build.0 = Release|Any CPU
		{C368C243-4B26-4BF4-8D59-ACAB0684EE3B}.Debug|Any CPU.ActiveCfg = Debug|Any CPU
		{C368C243-4B26-4BF4-8D59-ACAB0684EE3B}.Debug|Any CPU.Build.0 = Debug|Any CPU
		{C368C243-4B26-4BF4-8D59-ACAB0684EE3B}.Release|Any CPU.ActiveCfg = Release|Any CPU
		{C368C243-4B26-4BF4-8D59-ACAB0684EE3B}.Release|Any CPU.Build.0 = Release|Any CPU
		{650A5641-42C6-43A9-AD1D-8086B6455D2A}.Debug|Any CPU.ActiveCfg = Debug|Any CPU
		{650A5641-42C6-43A9-AD1D-8086B6455D2A}.Debug|Any CPU.Build.0 = Debug|Any CPU
		{650A5641-42C6-43A9-AD1D-8086B6455D2A}.Release|Any CPU.ActiveCfg = Release|Any CPU
		{650A5641-42C6-43A9-AD1D-8086B6455D2A}.Release|Any CPU.Build.0 = Release|Any CPU
		{1B15412D-2EB9-49C8-9FC0-DEB625140E4E}.Debug|Any CPU.ActiveCfg = Debug|Any CPU
		{1B15412D-2EB9-49C8-9FC0-DEB625140E4E}.Debug|Any CPU.Build.0 = Debug|Any CPU
		{1B15412D-2EB9-49C8-9FC0-DEB625140E4E}.Release|Any CPU.ActiveCfg = Release|Any CPU
		{1B15412D-2EB9-49C8-9FC0-DEB625140E4E}.Release|Any CPU.Build.0 = Release|Any CPU
		{0AAB4BD6-3C94-481B-85B9-5B7A1E4BA8D9}.Debug|Any CPU.ActiveCfg = Debug|Any CPU
		{0AAB4BD6-3C94-481B-85B9-5B7A1E4BA8D9}.Debug|Any CPU.Build.0 = Debug|Any CPU
		{0AAB4BD6-3C94-481B-85B9-5B7A1E4BA8D9}.Release|Any CPU.ActiveCfg = Release|Any CPU
		{0AAB4BD6-3C94-481B-85B9-5B7A1E4BA8D9}.Release|Any CPU.Build.0 = Release|Any CPU
		{B2654B07-36EF-48C5-9E82-94B226CB1D9D}.Debug|Any CPU.ActiveCfg = Debug|Any CPU
		{B2654B07-36EF-48C5-9E82-94B226CB1D9D}.Debug|Any CPU.Build.0 = Debug|Any CPU
		{B2654B07-36EF-48C5-9E82-94B226CB1D9D}.Release|Any CPU.ActiveCfg = Release|Any CPU
		{B2654B07-36EF-48C5-9E82-94B226CB1D9D}.Release|Any CPU.Build.0 = Release|Any CPU
		{3F0CA160-05C1-4307-BBE6-4AEDB20E9611}.Debug|Any CPU.ActiveCfg = Debug|Any CPU
		{3F0CA160-05C1-4307-BBE6-4AEDB20E9611}.Debug|Any CPU.Build.0 = Debug|Any CPU
		{3F0CA160-05C1-4307-BBE6-4AEDB20E9611}.Release|Any CPU.ActiveCfg = Release|Any CPU
		{3F0CA160-05C1-4307-BBE6-4AEDB20E9611}.Release|Any CPU.Build.0 = Release|Any CPU
		{1EB4E1D2-DE87-46B7-859B-D1F730B3EE89}.Debug|Any CPU.ActiveCfg = Debug|Any CPU
		{1EB4E1D2-DE87-46B7-859B-D1F730B3EE89}.Debug|Any CPU.Build.0 = Debug|Any CPU
		{1EB4E1D2-DE87-46B7-859B-D1F730B3EE89}.Release|Any CPU.ActiveCfg = Release|Any CPU
		{1EB4E1D2-DE87-46B7-859B-D1F730B3EE89}.Release|Any CPU.Build.0 = Release|Any CPU
		{A3EA3D41-D815-4786-BB9A-2B7ED1643E82}.Debug|Any CPU.ActiveCfg = Debug|Any CPU
		{A3EA3D41-D815-4786-BB9A-2B7ED1643E82}.Debug|Any CPU.Build.0 = Debug|Any CPU
		{A3EA3D41-D815-4786-BB9A-2B7ED1643E82}.Release|Any CPU.ActiveCfg = Release|Any CPU
		{A3EA3D41-D815-4786-BB9A-2B7ED1643E82}.Release|Any CPU.Build.0 = Release|Any CPU
	EndGlobalSection
	GlobalSection(SolutionProperties) = preSolution
		HideSolutionNode = FALSE
	EndGlobalSection
	GlobalSection(NestedProjects) = preSolution
		{C7BDDC32-C6BA-4E0F-831E-D5C22A3F7D10} = {F6123639-2613-4C73-8038-5B5131C7C322}
		{B46026E9-2F69-4DCB-B782-E8321EC555EA} = {1801AC47-D834-4D59-B551-ECB1F342DF7B}
		{21116019-BBB1-4A51-B985-22B921B6DA23} = {1801AC47-D834-4D59-B551-ECB1F342DF7B}
		{37AA25A5-D0C7-4CCD-A439-2F5FF96A4CED} = {F6123639-2613-4C73-8038-5B5131C7C322}
		{FCEDCC43-AFE0-415F-B330-7036132581D7} = {1801AC47-D834-4D59-B551-ECB1F342DF7B}
		{FFEDA73E-C8E3-458E-AF89-892654E15A84} = {1801AC47-D834-4D59-B551-ECB1F342DF7B}
		{9FC6CE8C-2AED-4753-8865-545C6F118F1F} = {F6123639-2613-4C73-8038-5B5131C7C322}
		{00EED0E0-D27F-47B6-AE13-25ED910FD8AD} = {867296BC-8109-4293-87FD-801B332762D2}
		{7118DBF6-1C00-4579-83C2-45820E19EB0D} = {867296BC-8109-4293-87FD-801B332762D2}
		{D255FBB9-D9D7-4F5E-A6DE-A5F17C2C134E} = {867296BC-8109-4293-87FD-801B332762D2}
		{1B6CC160-448C-4B8C-8C3A-CFC879A93E02} = {867296BC-8109-4293-87FD-801B332762D2}
		{DD0CD00C-FEAB-42B0-B9CF-2451065E58E4} = {1801AC47-D834-4D59-B551-ECB1F342DF7B}
		{3F215C1A-0A22-4C16-9540-61842854640F} = {1801AC47-D834-4D59-B551-ECB1F342DF7B}
		{83C50DD0-81EA-4B01-B7D0-2841A8BAF29C} = {1801AC47-D834-4D59-B551-ECB1F342DF7B}
		{E70C74A6-9D30-46E1-B67E-1133BCB2BE23} = {1801AC47-D834-4D59-B551-ECB1F342DF7B}
		{C368C243-4B26-4BF4-8D59-ACAB0684EE3B} = {867296BC-8109-4293-87FD-801B332762D2}
		{650A5641-42C6-43A9-AD1D-8086B6455D2A} = {867296BC-8109-4293-87FD-801B332762D2}
		{1B15412D-2EB9-49C8-9FC0-DEB625140E4E} = {1801AC47-D834-4D59-B551-ECB1F342DF7B}
		{0AAB4BD6-3C94-481B-85B9-5B7A1E4BA8D9} = {1801AC47-D834-4D59-B551-ECB1F342DF7B}
		{B2654B07-36EF-48C5-9E82-94B226CB1D9D} = {867296BC-8109-4293-87FD-801B332762D2}
		{3F0CA160-05C1-4307-BBE6-4AEDB20E9611} = {867296BC-8109-4293-87FD-801B332762D2}
		{1EB4E1D2-DE87-46B7-859B-D1F730B3EE89} = {867296BC-8109-4293-87FD-801B332762D2}
		{A3EA3D41-D815-4786-BB9A-2B7ED1643E82} = {867296BC-8109-4293-87FD-801B332762D2}
	EndGlobalSection
	GlobalSection(ExtensibilityGlobals) = postSolution
		SolutionGuid = {7188783E-71B0-444C-BB96-53ADB142F380}
	EndGlobalSection
EndGlobal
